// !$*UTF8*$!
{
	archiveVersion = 1;
	classes = {
	};
	objectVersion = 56;
	objects = {

/* Begin PBXBuildFile section */
		FA443B722C9FEC150035C875 /* AppDelegate.swift in Sources */ = {isa = PBXBuildFile; fileRef = FA443B712C9FEC150035C875 /* AppDelegate.swift */; };
		FA443B742C9FEC150035C875 /* SceneDelegate.swift in Sources */ = {isa = PBXBuildFile; fileRef = FA443B732C9FEC150035C875 /* SceneDelegate.swift */; };
		FA443B762C9FEC150035C875 /* ViewController.swift in Sources */ = {isa = PBXBuildFile; fileRef = FA443B752C9FEC150035C875 /* ViewController.swift */; };
		FA443B792C9FEC150035C875 /* Main.storyboard in Resources */ = {isa = PBXBuildFile; fileRef = FA443B772C9FEC150035C875 /* Main.storyboard */; };
		FA443B7B2C9FEC170035C875 /* Assets.xcassets in Resources */ = {isa = PBXBuildFile; fileRef = FA443B7A2C9FEC170035C875 /* Assets.xcassets */; };
		FA443B7E2C9FEC170035C875 /* LaunchScreen.storyboard in Resources */ = {isa = PBXBuildFile; fileRef = FA443B7C2C9FEC170035C875 /* LaunchScreen.storyboard */; };
		FA443B862C9FEC3A0035C875 /* Model.swift in Sources */ = {isa = PBXBuildFile; fileRef = FA443B852C9FEC3A0035C875 /* Model.swift */; };
		FA443B882C9FEC660035C875 /* DashboardViewController.swift in Sources */ = {isa = PBXBuildFile; fileRef = FA443B872C9FEC660035C875 /* DashboardViewController.swift */; };
		FA443B8A2C9FEC950035C875 /* ShoeDetailViewController.swift in Sources */ = {isa = PBXBuildFile; fileRef = FA443B892C9FEC950035C875 /* ShoeDetailViewController.swift */; };
		FA443B8C2C9FEDE50035C875 /* ShoeTableViewCell.swift in Sources */ = {isa = PBXBuildFile; fileRef = FA443B8B2C9FEDE50035C875 /* ShoeTableViewCell.swift */; };
		FA443B8E2C9FF0550035C875 /* CartViewController.swift in Sources */ = {isa = PBXBuildFile; fileRef = FA443B8D2C9FF0550035C875 /* CartViewController.swift */; };
		FA443B902C9FF07D0035C875 /* CartItemCell.swift in Sources */ = {isa = PBXBuildFile; fileRef = FA443B8F2C9FF07D0035C875 /* CartItemCell.swift */; };
		FA443B922C9FF9620035C875 /* EmptyStateView.swift in Sources */ = {isa = PBXBuildFile; fileRef = FA443B912C9FF9620035C875 /* EmptyStateView.swift */; };
/* End PBXBuildFile section */

/* Begin PBXFileReference section */
		FA443B6E2C9FEC150035C875 /* VercelMarketApp.app */ = {isa = PBXFileReference; explicitFileType = wrapper.application; includeInIndex = 0; path = VercelMarketApp.app; sourceTree = BUILT_PRODUCTS_DIR; };
		FA443B712C9FEC150035C875 /* AppDelegate.swift */ = {isa = PBXFileReference; lastKnownFileType = sourcecode.swift; path = AppDelegate.swift; sourceTree = "<group>"; };
		FA443B732C9FEC150035C875 /* SceneDelegate.swift */ = {isa = PBXFileReference; lastKnownFileType = sourcecode.swift; path = SceneDelegate.swift; sourceTree = "<group>"; };
		FA443B752C9FEC150035C875 /* ViewController.swift */ = {isa = PBXFileReference; lastKnownFileType = sourcecode.swift; path = ViewController.swift; sourceTree = "<group>"; };
		FA443B782C9FEC150035C875 /* Base */ = {isa = PBXFileReference; lastKnownFileType = file.storyboard; name = Base; path = Base.lproj/Main.storyboard; sourceTree = "<group>"; };
		FA443B7A2C9FEC170035C875 /* Assets.xcassets */ = {isa = PBXFileReference; lastKnownFileType = folder.assetcatalog; path = Assets.xcassets; sourceTree = "<group>"; };
		FA443B7D2C9FEC170035C875 /* Base */ = {isa = PBXFileReference; lastKnownFileType = file.storyboard; name = Base; path = Base.lproj/LaunchScreen.storyboard; sourceTree = "<group>"; };
		FA443B7F2C9FEC170035C875 /* Info.plist */ = {isa = PBXFileReference; lastKnownFileType = text.plist.xml; path = Info.plist; sourceTree = "<group>"; };
		FA443B852C9FEC3A0035C875 /* Model.swift */ = {isa = PBXFileReference; lastKnownFileType = sourcecode.swift; path = Model.swift; sourceTree = "<group>"; };
		FA443B872C9FEC660035C875 /* DashboardViewController.swift */ = {isa = PBXFileReference; lastKnownFileType = sourcecode.swift; path = DashboardViewController.swift; sourceTree = "<group>"; };
		FA443B892C9FEC950035C875 /* ShoeDetailViewController.swift */ = {isa = PBXFileReference; lastKnownFileType = sourcecode.swift; path = ShoeDetailViewController.swift; sourceTree = "<group>"; };
		FA443B8B2C9FEDE50035C875 /* ShoeTableViewCell.swift */ = {isa = PBXFileReference; lastKnownFileType = sourcecode.swift; path = ShoeTableViewCell.swift; sourceTree = "<group>"; };
		FA443B8D2C9FF0550035C875 /* CartViewController.swift */ = {isa = PBXFileReference; lastKnownFileType = sourcecode.swift; path = CartViewController.swift; sourceTree = "<group>"; };
		FA443B8F2C9FF07D0035C875 /* CartItemCell.swift */ = {isa = PBXFileReference; lastKnownFileType = sourcecode.swift; path = CartItemCell.swift; sourceTree = "<group>"; };
		FA443B912C9FF9620035C875 /* EmptyStateView.swift */ = {isa = PBXFileReference; lastKnownFileType = sourcecode.swift; path = EmptyStateView.swift; sourceTree = "<group>"; };
/* End PBXFileReference section */

/* Begin PBXFrameworksBuildPhase section */
		FA443B6B2C9FEC150035C875 /* Frameworks */ = {
			isa = PBXFrameworksBuildPhase;
			buildActionMask = 2147483647;
			files = (
			);
			runOnlyForDeploymentPostprocessing = 0;
		};
/* End PBXFrameworksBuildPhase section */

/* Begin PBXGroup section */
		FA443B652C9FEC150035C875 = {
			isa = PBXGroup;
			children = (
				FA443B702C9FEC150035C875 /* VercelMarketApp */,
				FA443B6F2C9FEC150035C875 /* Products */,
			);
			sourceTree = "<group>";
		};
		FA443B6F2C9FEC150035C875 /* Products */ = {
			isa = PBXGroup;
			children = (
				FA443B6E2C9FEC150035C875 /* VercelMarketApp.app */,
			);
			name = Products;
			sourceTree = "<group>";
		};
		FA443B702C9FEC150035C875 /* VercelMarketApp */ = {
			isa = PBXGroup;
			children = (
				FA443B952CA00F170035C875 /* Component */,
				FA443B942CA00F040035C875 /* Module */,
				FA443B932CA00EF40035C875 /* APP */,
				FA443B752C9FEC150035C875 /* ViewController.swift */,
				FA443B772C9FEC150035C875 /* Main.storyboard */,
				FA443B7A2C9FEC170035C875 /* Assets.xcassets */,
				FA443B7C2C9FEC170035C875 /* LaunchScreen.storyboard */,
				FA443B7F2C9FEC170035C875 /* Info.plist */,
			);
			path = VercelMarketApp;
			sourceTree = "<group>";
		};
		FA443B932CA00EF40035C875 /* APP */ = {
			isa = PBXGroup;
			children = (
				FA443B712C9FEC150035C875 /* AppDelegate.swift */,
				FA443B732C9FEC150035C875 /* SceneDelegate.swift */,
			);
			path = APP;
			sourceTree = "<group>";
		};
		FA443B942CA00F040035C875 /* Module */ = {
			isa = PBXGroup;
			children = (
				FA443B872C9FEC660035C875 /* DashboardViewController.swift */,
				FA443B892C9FEC950035C875 /* ShoeDetailViewController.swift */,
				FA443B8B2C9FEDE50035C875 /* ShoeTableViewCell.swift */,
				FA443B8D2C9FF0550035C875 /* CartViewController.swift */,
				FA443B8F2C9FF07D0035C875 /* CartItemCell.swift */,
				FA443B852C9FEC3A0035C875 /* Model.swift */,
			);
			path = Module;
			sourceTree = "<group>";
		};
		FA443B952CA00F170035C875 /* Component */ = {
			isa = PBXGroup;
			children = (
				FA443B912C9FF9620035C875 /* EmptyStateView.swift */,
			);
			path = Component;
			sourceTree = "<group>";
		};
/* End PBXGroup section */

/* Begin PBXNativeTarget section */
		FA443B6D2C9FEC150035C875 /* VercelMarketApp */ = {
			isa = PBXNativeTarget;
			buildConfigurationList = FA443B822C9FEC170035C875 /* Build configuration list for PBXNativeTarget "VercelMarketApp" */;
			buildPhases = (
				FA443B6A2C9FEC150035C875 /* Sources */,
				FA443B6B2C9FEC150035C875 /* Frameworks */,
				FA443B6C2C9FEC150035C875 /* Resources */,
			);
			buildRules = (
			);
			dependencies = (
			);
			name = VercelMarketApp;
			productName = VercelMarketApp;
			productReference = FA443B6E2C9FEC150035C875 /* VercelMarketApp.app */;
			productType = "com.apple.product-type.application";
		};
/* End PBXNativeTarget section */

/* Begin PBXProject section */
		FA443B662C9FEC150035C875 /* Project object */ = {
			isa = PBXProject;
			attributes = {
				BuildIndependentTargetsInParallel = 1;
				LastSwiftUpdateCheck = 1520;
				LastUpgradeCheck = 1520;
				TargetAttributes = {
					FA443B6D2C9FEC150035C875 = {
						CreatedOnToolsVersion = 15.2;
					};
				};
			};
			buildConfigurationList = FA443B692C9FEC150035C875 /* Build configuration list for PBXProject "VercelMarketApp" */;
			compatibilityVersion = "Xcode 14.0";
			developmentRegion = en;
			hasScannedForEncodings = 0;
			knownRegions = (
				en,
				Base,
			);
			mainGroup = FA443B652C9FEC150035C875;
			productRefGroup = FA443B6F2C9FEC150035C875 /* Products */;
			projectDirPath = "";
			projectRoot = "";
			targets = (
				FA443B6D2C9FEC150035C875 /* VercelMarketApp */,
			);
		};
/* End PBXProject section */

/* Begin PBXResourcesBuildPhase section */
		FA443B6C2C9FEC150035C875 /* Resources */ = {
			isa = PBXResourcesBuildPhase;
			buildActionMask = 2147483647;
			files = (
				FA443B7E2C9FEC170035C875 /* LaunchScreen.storyboard in Resources */,
				FA443B7B2C9FEC170035C875 /* Assets.xcassets in Resources */,
				FA443B792C9FEC150035C875 /* Main.storyboard in Resources */,
			);
			runOnlyForDeploymentPostprocessing = 0;
		};
/* End PBXResourcesBuildPhase section */

/* Begin PBXSourcesBuildPhase section */
		FA443B6A2C9FEC150035C875 /* Sources */ = {
			isa = PBXSourcesBuildPhase;
			buildActionMask = 2147483647;
			files = (
				FA443B8A2C9FEC950035C875 /* ShoeDetailViewController.swift in Sources */,
				FA443B762C9FEC150035C875 /* ViewController.swift in Sources */,
				FA443B922C9FF9620035C875 /* EmptyStateView.swift in Sources */,
				FA443B722C9FEC150035C875 /* AppDelegate.swift in Sources */,
				FA443B882C9FEC660035C875 /* DashboardViewController.swift in Sources */,
				FA443B8E2C9FF0550035C875 /* CartViewController.swift in Sources */,
				FA443B902C9FF07D0035C875 /* CartItemCell.swift in Sources */,
				FA443B8C2C9FEDE50035C875 /* ShoeTableViewCell.swift in Sources */,
				FA443B742C9FEC150035C875 /* SceneDelegate.swift in Sources */,
				FA443B862C9FEC3A0035C875 /* Model.swift in Sources */,
			);
			runOnlyForDeploymentPostprocessing = 0;
		};
/* End PBXSourcesBuildPhase section */

/* Begin PBXVariantGroup section */
		FA443B772C9FEC150035C875 /* Main.storyboard */ = {
			isa = PBXVariantGroup;
			children = (
				FA443B782C9FEC150035C875 /* Base */,
			);
			name = Main.storyboard;
			sourceTree = "<group>";
		};
		FA443B7C2C9FEC170035C875 /* LaunchScreen.storyboard */ = {
			isa = PBXVariantGroup;
			children = (
				FA443B7D2C9FEC170035C875 /* Base */,
			);
			name = LaunchScreen.storyboard;
			sourceTree = "<group>";
		};
/* End PBXVariantGroup section */

/* Begin XCBuildConfiguration section */
		FA443B802C9FEC170035C875 /* Debug */ = {
			isa = XCBuildConfiguration;
			buildSettings = {
				ALWAYS_SEARCH_USER_PATHS = NO;
				ASSETCATALOG_COMPILER_GENERATE_SWIFT_ASSET_SYMBOL_EXTENSIONS = YES;
				CLANG_ANALYZER_NONNULL = YES;
				CLANG_ANALYZER_NUMBER_OBJECT_CONVERSION = YES_AGGRESSIVE;
				CLANG_CXX_LANGUAGE_STANDARD = "gnu++20";
				CLANG_ENABLE_MODULES = YES;
				CLANG_ENABLE_OBJC_ARC = YES;
				CLANG_ENABLE_OBJC_WEAK = YES;
				CLANG_WARN_BLOCK_CAPTURE_AUTORELEASING = YES;
				CLANG_WARN_BOOL_CONVERSION = YES;
				CLANG_WARN_COMMA = YES;
				CLANG_WARN_CONSTANT_CONVERSION = YES;
				CLANG_WARN_DEPRECATED_OBJC_IMPLEMENTATIONS = YES;
				CLANG_WARN_DIRECT_OBJC_ISA_USAGE = YES_ERROR;
				CLANG_WARN_DOCUMENTATION_COMMENTS = YES;
				CLANG_WARN_EMPTY_BODY = YES;
				CLANG_WARN_ENUM_CONVERSION = YES;
				CLANG_WARN_INFINITE_RECURSION = YES;
				CLANG_WARN_INT_CONVERSION = YES;
				CLANG_WARN_NON_LITERAL_NULL_CONVERSION = YES;
				CLANG_WARN_OBJC_IMPLICIT_RETAIN_SELF = YES;
				CLANG_WARN_OBJC_LITERAL_CONVERSION = YES;
				CLANG_WARN_OBJC_ROOT_CLASS = YES_ERROR;
				CLANG_WARN_QUOTED_INCLUDE_IN_FRAMEWORK_HEADER = YES;
				CLANG_WARN_RANGE_LOOP_ANALYSIS = YES;
				CLANG_WARN_STRICT_PROTOTYPES = YES;
				CLANG_WARN_SUSPICIOUS_MOVE = YES;
				CLANG_WARN_UNGUARDED_AVAILABILITY = YES_AGGRESSIVE;
				CLANG_WARN_UNREACHABLE_CODE = YES;
				CLANG_WARN__DUPLICATE_METHOD_MATCH = YES;
				COPY_PHASE_STRIP = NO;
				DEBUG_INFORMATION_FORMAT = dwarf;
				ENABLE_STRICT_OBJC_MSGSEND = YES;
				ENABLE_TESTABILITY = YES;
				ENABLE_USER_SCRIPT_SANDBOXING = YES;
				GCC_C_LANGUAGE_STANDARD = gnu17;
				GCC_DYNAMIC_NO_PIC = NO;
				GCC_NO_COMMON_BLOCKS = YES;
				GCC_OPTIMIZATION_LEVEL = 0;
				GCC_PREPROCESSOR_DEFINITIONS = (
					"DEBUG=1",
					"$(inherited)",
				);
				GCC_WARN_64_TO_32_BIT_CONVERSION = YES;
				GCC_WARN_ABOUT_RETURN_TYPE = YES_ERROR;
				GCC_WARN_UNDECLARED_SELECTOR = YES;
				GCC_WARN_UNINITIALIZED_AUTOS = YES_AGGRESSIVE;
				GCC_WARN_UNUSED_FUNCTION = YES;
				GCC_WARN_UNUSED_VARIABLE = YES;
				IPHONEOS_DEPLOYMENT_TARGET = 17.2;
				LOCALIZATION_PREFERS_STRING_CATALOGS = YES;
				MTL_ENABLE_DEBUG_INFO = INCLUDE_SOURCE;
				MTL_FAST_MATH = YES;
				ONLY_ACTIVE_ARCH = YES;
				SDKROOT = iphoneos;
				SWIFT_ACTIVE_COMPILATION_CONDITIONS = "DEBUG $(inherited)";
				SWIFT_OPTIMIZATION_LEVEL = "-Onone";
			};
			name = Debug;
		};
		FA443B812C9FEC170035C875 /* Release */ = {
			isa = XCBuildConfiguration;
			buildSettings = {
				ALWAYS_SEARCH_USER_PATHS = NO;
				ASSETCATALOG_COMPILER_GENERATE_SWIFT_ASSET_SYMBOL_EXTENSIONS = YES;
				CLANG_ANALYZER_NONNULL = YES;
				CLANG_ANALYZER_NUMBER_OBJECT_CONVERSION = YES_AGGRESSIVE;
				CLANG_CXX_LANGUAGE_STANDARD = "gnu++20";
				CLANG_ENABLE_MODULES = YES;
				CLANG_ENABLE_OBJC_ARC = YES;
				CLANG_ENABLE_OBJC_WEAK = YES;
				CLANG_WARN_BLOCK_CAPTURE_AUTORELEASING = YES;
				CLANG_WARN_BOOL_CONVERSION = YES;
				CLANG_WARN_COMMA = YES;
				CLANG_WARN_CONSTANT_CONVERSION = YES;
				CLANG_WARN_DEPRECATED_OBJC_IMPLEMENTATIONS = YES;
				CLANG_WARN_DIRECT_OBJC_ISA_USAGE = YES_ERROR;
				CLANG_WARN_DOCUMENTATION_COMMENTS = YES;
				CLANG_WARN_EMPTY_BODY = YES;
				CLANG_WARN_ENUM_CONVERSION = YES;
				CLANG_WARN_INFINITE_RECURSION = YES;
				CLANG_WARN_INT_CONVERSION = YES;
				CLANG_WARN_NON_LITERAL_NULL_CONVERSION = YES;
				CLANG_WARN_OBJC_IMPLICIT_RETAIN_SELF = YES;
				CLANG_WARN_OBJC_LITERAL_CONVERSION = YES;
				CLANG_WARN_OBJC_ROOT_CLASS = YES_ERROR;
				CLANG_WARN_QUOTED_INCLUDE_IN_FRAMEWORK_HEADER = YES;
				CLANG_WARN_RANGE_LOOP_ANALYSIS = YES;
				CLANG_WARN_STRICT_PROTOTYPES = YES;
				CLANG_WARN_SUSPICIOUS_MOVE = YES;
				CLANG_WARN_UNGUARDED_AVAILABILITY = YES_AGGRESSIVE;
				CLANG_WARN_UNREACHABLE_CODE = YES;
				CLANG_WARN__DUPLICATE_METHOD_MATCH = YES;
				COPY_PHASE_STRIP = NO;
				DEBUG_INFORMATION_FORMAT = "dwarf-with-dsym";
				ENABLE_NS_ASSERTIONS = NO;
				ENABLE_STRICT_OBJC_MSGSEND = YES;
				ENABLE_USER_SCRIPT_SANDBOXING = YES;
				GCC_C_LANGUAGE_STANDARD = gnu17;
				GCC_NO_COMMON_BLOCKS = YES;
				GCC_WARN_64_TO_32_BIT_CONVERSION = YES;
				GCC_WARN_ABOUT_RETURN_TYPE = YES_ERROR;
				GCC_WARN_UNDECLARED_SELECTOR = YES;
				GCC_WARN_UNINITIALIZED_AUTOS = YES_AGGRESSIVE;
				GCC_WARN_UNUSED_FUNCTION = YES;
				GCC_WARN_UNUSED_VARIABLE = YES;
				IPHONEOS_DEPLOYMENT_TARGET = 17.2;
				LOCALIZATION_PREFERS_STRING_CATALOGS = YES;
				MTL_ENABLE_DEBUG_INFO = NO;
				MTL_FAST_MATH = YES;
				SDKROOT = iphoneos;
				SWIFT_COMPILATION_MODE = wholemodule;
				VALIDATE_PRODUCT = YES;
			};
			name = Release;
		};
		FA443B832C9FEC170035C875 /* Debug */ = {
			isa = XCBuildConfiguration;
			buildSettings = {
				ASSETCATALOG_COMPILER_APPICON_NAME = AppIcon;
				ASSETCATALOG_COMPILER_GLOBAL_ACCENT_COLOR_NAME = AccentColor;
				CODE_SIGN_STYLE = Automatic;
				CURRENT_PROJECT_VERSION = 1;
				DEVELOPMENT_TEAM = YPD3TP4P79;
				GENERATE_INFOPLIST_FILE = YES;
				INFOPLIST_FILE = VercelMarketApp/Info.plist;
				INFOPLIST_KEY_UIApplicationSupportsIndirectInputEvents = YES;
				INFOPLIST_KEY_UILaunchStoryboardName = LaunchScreen;
				INFOPLIST_KEY_UIMainStoryboardFile = Main;
				INFOPLIST_KEY_UISupportedInterfaceOrientations_iPad = "UIInterfaceOrientationPortrait UIInterfaceOrientationPortraitUpsideDown UIInterfaceOrientationLandscapeLeft UIInterfaceOrientationLandscapeRight";
				INFOPLIST_KEY_UISupportedInterfaceOrientations_iPhone = "UIInterfaceOrientationPortrait UIInterfaceOrientationLandscapeLeft UIInterfaceOrientationLandscapeRight";
				LD_RUNPATH_SEARCH_PATHS = (
					"$(inherited)",
					"@executable_path/Frameworks",
				);
				MARKETING_VERSION = 1.0;
				PRODUCT_BUNDLE_IDENTIFIER = com.lshinkuro.VercelMarketApp;
				PRODUCT_NAME = "$(TARGET_NAME)";
				SWIFT_EMIT_LOC_STRINGS = YES;
				SWIFT_VERSION = 5.0;
				TARGETED_DEVICE_FAMILY = "1,2";
			};
			name = Debug;
		};
		FA443B842C9FEC170035C875 /* Release */ = {
			isa = XCBuildConfiguration;
			buildSettings = {
				ASSETCATALOG_COMPILER_APPICON_NAME = AppIcon;
				ASSETCATALOG_COMPILER_GLOBAL_ACCENT_COLOR_NAME = AccentColor;
				CODE_SIGN_STYLE = Automatic;
				CURRENT_PROJECT_VERSION = 1;
				DEVELOPMENT_TEAM = YPD3TP4P79;
				GENERATE_INFOPLIST_FILE = YES;
				INFOPLIST_FILE = VercelMarketApp/Info.plist;
				INFOPLIST_KEY_UIApplicationSupportsIndirectInputEvents = YES;
				INFOPLIST_KEY_UILaunchStoryboardName = LaunchScreen;
				INFOPLIST_KEY_UIMainStoryboardFile = Main;
				INFOPLIST_KEY_UISupportedInterfaceOrientations_iPad = "UIInterfaceOrientationPortrait UIInterfaceOrientationPortraitUpsideDown UIInterfaceOrientationLandscapeLeft UIInterfaceOrientationLandscapeRight";
				INFOPLIST_KEY_UISupportedInterfaceOrientations_iPhone = "UIInterfaceOrientationPortrait UIInterfaceOrientationLandscapeLeft UIInterfaceOrientationLandscapeRight";
				LD_RUNPATH_SEARCH_PATHS = (
					"$(inherited)",
					"@executable_path/Frameworks",
				);
				MARKETING_VERSION = 1.0;
				PRODUCT_BUNDLE_IDENTIFIER = com.lshinkuro.VercelMarketApp;
				PRODUCT_NAME = "$(TARGET_NAME)";
				SWIFT_EMIT_LOC_STRINGS = YES;
				SWIFT_VERSION = 5.0;
				TARGETED_DEVICE_FAMILY = "1,2";
			};
			name = Release;
		};
/* End XCBuildConfiguration section */

/* Begin XCConfigurationList section */
		FA443B692C9FEC150035C875 /* Build configuration list for PBXProject "VercelMarketApp" */ = {
			isa = XCConfigurationList;
			buildConfigurations = (
				FA443B802C9FEC170035C875 /* Debug */,
				FA443B812C9FEC170035C875 /* Release */,
			);
			defaultConfigurationIsVisible = 0;
			defaultConfigurationName = Release;
		};
		FA443B822C9FEC170035C875 /* Build configuration list for PBXNativeTarget "VercelMarketApp" */ = {
			isa = XCConfigurationList;
			buildConfigurations = (
				FA443B832C9FEC170035C875 /* Debug */,
				FA443B842C9FEC170035C875 /* Release */,
			);
			defaultConfigurationIsVisible = 0;
			defaultConfigurationName = Release;
		};
/* End XCConfigurationList section */
	};
	rootObject = FA443B662C9FEC150035C875 /* Project object */;
}
